
Microsoft Visual Studio Solution File, Format Version 12.00
# Visual Studio Version 17
VisualStudioVersion = 17.13.35806.99
MinimumVisualStudioVersion = 10.0.40219.1
Project("{FAE04EC0-301F-11D3-BF4B-00C04F79EFBC}") = "RegularizadorPolizas.Domain", "RegularizadorPolizas.Domain\RegularizadorPolizas.Domain.csproj", "{B52683D9-BBF0-4551-9A96-3EA42861FF78}"
EndProject
Project("{FAE04EC0-301F-11D3-BF4B-00C04F79EFBC}") = "RegularizadorPolizas.Application", "RegularizadorPolizas.Application\RegularizadorPolizas.Application.csproj", "{CC2C2CC4-A2EF-42E7-9B58-4B64ACDA5267}"
EndProject
Project("{FAE04EC0-301F-11D3-BF4B-00C04F79EFBC}") = "RegularizadorPolizas.Infrastructure", "RegularizadorPolizas.Infrastructure\RegularizadorPolizas.Infrastructure.csproj", "{DC97968D-CD83-4E3F-9F8A-B22B797554F3}"
EndProject
Project("{FAE04EC0-301F-11D3-BF4B-00C04F79EFBC}") = "RegularizadorPolizas.API", "RegularizadorPolizas.API\RegularizadorPolizas.API.csproj", "{00033005-A4D9-418F-B18F-D0C0085F0E22}"
EndProject
Global
	GlobalSection(SolutionConfigurationPlatforms) = preSolution
		Debug|Any CPU = Debug|Any CPU
		Release|Any CPU = Release|Any CPU
	EndGlobalSection
	GlobalSection(ProjectConfigurationPlatforms) = postSolution
		{B52683D9-BBF0-4551-9A96-3EA42861FF78}.Debug|Any CPU.ActiveCfg = Debug|Any CPU
		{B52683D9-BBF0-4551-9A96-3EA42861FF78}.Debug|Any CPU.Build.0 = Debug|Any CPU
		{B52683D9-BBF0-4551-9A96-3EA42861FF78}.Release|Any CPU.ActiveCfg = Release|Any CPU
		{B52683D9-BBF0-4551-9A96-3EA42861FF78}.Release|Any CPU.Build.0 = Release|Any CPU
		{CC2C2CC4-A2EF-42E7-9B58-4B64ACDA5267}.Debug|Any CPU.ActiveCfg = Debug|Any CPU
		{CC2C2CC4-A2EF-42E7-9B58-4B64ACDA5267}.Debug|Any CPU.Build.0 = Debug|Any CPU
		{CC2C2CC4-A2EF-42E7-9B58-4B64ACDA5267}.Release|Any CPU.ActiveCfg = Release|Any CPU
		{CC2C2CC4-A2EF-42E7-9B58-4B64ACDA5267}.Release|Any CPU.Build.0 = Release|Any CPU
		{DC97968D-CD83-4E3F-9F8A-B22B797554F3}.Debug|Any CPU.ActiveCfg = Debug|Any CPU
		{DC97968D-CD83-4E3F-9F8A-B22B797554F3}.Debug|Any CPU.Build.0 = Debug|Any CPU
		{DC97968D-CD83-4E3F-9F8A-B22B797554F3}.Release|Any CPU.ActiveCfg = Release|Any CPU
		{DC97968D-CD83-4E3F-9F8A-B22B797554F3}.Release|Any CPU.Build.0 = Release|Any CPU
		{00033005-A4D9-418F-B18F-D0C0085F0E22}.Debug|Any CPU.ActiveCfg = Debug|Any CPU
		{00033005-A4D9-418F-B18F-D0C0085F0E22}.Debug|Any CPU.Build.0 = Debug|Any CPU
		{00033005-A4D9-418F-B18F-D0C0085F0E22}.Release|Any CPU.ActiveCfg = Release|Any CPU
		{00033005-A4D9-418F-B18F-D0C0085F0E22}.Release|Any CPU.Build.0 = Release|Any CPU
	EndGlobalSection
	GlobalSection(SolutionProperties) = preSolution
		HideSolutionNode = FALSE
	EndGlobalSection
	GlobalSection(ExtensibilityGlobals) = postSolution
		SolutionGuid = {61B779BF-E231-4951-B80A-A08F1508EB7C}
	EndGlobalSection
EndGlobal
